
Microsoft Visual Studio Solution File, Format Version 12.00
# Visual Studio Version 16
VisualStudioVersion = 16.0.31129.286
MinimumVisualStudioVersion = 10.0.40219.1
Project("{9A19103F-16F7-4668-BE54-9A1E7A4F7556}") = "Cormen.Console", "Cormen.Console\Cormen.Console.csproj", "{6DCFF77B-5462-4DCE-B17B-60F87FE39946}"
EndProject
Project("{FAE04EC0-301F-11D3-BF4B-00C04F79EFBC}") = "Cormen.Core", "Cormen.Core\Cormen.Core.csproj", "{382AD28A-E55F-4AA0-8078-FD477D09FA1D}"
EndProject
Project("{FAE04EC0-301F-11D3-BF4B-00C04F79EFBC}") = "Cormen.Tests", "Cormen.Tests\Cormen.Tests.csproj", "{A75971F6-830B-40A9-A04B-C971C187A3B8}"
EndProject
Global
	GlobalSection(SolutionConfigurationPlatforms) = preSolution
		Debug|Any CPU = Debug|Any CPU
		Release|Any CPU = Release|Any CPU
	EndGlobalSection
	GlobalSection(ProjectConfigurationPlatforms) = postSolution
		{6DCFF77B-5462-4DCE-B17B-60F87FE39946}.Debug|Any CPU.ActiveCfg = Debug|Any CPU
		{6DCFF77B-5462-4DCE-B17B-60F87FE39946}.Debug|Any CPU.Build.0 = Debug|Any CPU
		{6DCFF77B-5462-4DCE-B17B-60F87FE39946}.Release|Any CPU.ActiveCfg = Release|Any CPU
		{6DCFF77B-5462-4DCE-B17B-60F87FE39946}.Release|Any CPU.Build.0 = Release|Any CPU
		{382AD28A-E55F-4AA0-8078-FD477D09FA1D}.Debug|Any CPU.ActiveCfg = Debug|Any CPU
		{382AD28A-E55F-4AA0-8078-FD477D09FA1D}.Debug|Any CPU.Build.0 = Debug|Any CPU
		{382AD28A-E55F-4AA0-8078-FD477D09FA1D}.Release|Any CPU.ActiveCfg = Release|Any CPU
		{382AD28A-E55F-4AA0-8078-FD477D09FA1D}.Release|Any CPU.Build.0 = Release|Any CPU
		{A75971F6-830B-40A9-A04B-C971C187A3B8}.Debug|Any CPU.ActiveCfg = Debug|Any CPU
		{A75971F6-830B-40A9-A04B-C971C187A3B8}.Debug|Any CPU.Build.0 = Debug|Any CPU
		{A75971F6-830B-40A9-A04B-C971C187A3B8}.Release|Any CPU.ActiveCfg = Release|Any CPU
		{A75971F6-830B-40A9-A04B-C971C187A3B8}.Release|Any CPU.Build.0 = Release|Any CPU
	EndGlobalSection
	GlobalSection(SolutionProperties) = preSolution
		HideSolutionNode = FALSE
	EndGlobalSection
	GlobalSection(ExtensibilityGlobals) = postSolution
		SolutionGuid = {2B232904-7C03-48B4-B30D-45C8C87E5033}
	EndGlobalSection
EndGlobal
